
Microsoft Visual Studio Solution File, Format Version 12.00
# Visual Studio Version 17
VisualStudioVersion = 17.5.33516.290
MinimumVisualStudioVersion = 10.0.40219.1
Project("{FAE04EC0-301F-11D3-BF4B-00C04F79EFBC}") = "WpfListy3a", "WpfListy3a\WpfListy3a.csproj", "{A9D015AE-77C1-42D9-9351-86C4AA575D0E}"
EndProject
Global
	GlobalSection(SolutionConfigurationPlatforms) = preSolution
		Debug|Any CPU = Debug|Any CPU
		Release|Any CPU = Release|Any CPU
	EndGlobalSection
	GlobalSection(ProjectConfigurationPlatforms) = postSolution
		{A9D015AE-77C1-42D9-9351-86C4AA575D0E}.Debug|Any CPU.ActiveCfg = Debug|Any CPU
		{A9D015AE-77C1-42D9-9351-86C4AA575D0E}.Debug|Any CPU.Build.0 = Debug|Any CPU
		{A9D015AE-77C1-42D9-9351-86C4AA575D0E}.Release|Any CPU.ActiveCfg = Release|Any CPU
		{A9D015AE-77C1-42D9-9351-86C4AA575D0E}.Release|Any CPU.Build.0 = Release|Any CPU
	EndGlobalSection
	GlobalSection(SolutionProperties) = preSolution
		HideSolutionNode = FALSE
	EndGlobalSection
	GlobalSection(ExtensibilityGlobals) = postSolution
		SolutionGuid = {7B87580B-2241-4AA2-860A-760F2F3F05FA}
	EndGlobalSection
EndGlobal
